<Solution>
  <Project Path="ManaChat.API/ManaChat.API.csproj" />
  <Project Path="ManaChat.Core/ManaChat.Core.csproj" />
  <Project Path="ManaChat.Databases.Identity/ManaChat.Databases.Identity.sqlproj" Id="53b98cab-bdbb-4ddf-840c-0463e3e71726">
    <Build />
    <Deploy />
  </Project>
  <Project Path="ManaChat.Databases.Messaging/ManaChat.Databases.Messaging.sqlproj" Id="18e838a9-ec6e-4420-8c1e-7a5cc96ed351">
    <Build />
    <Deploy />
  </Project>
  <Project Path="ManaChat.Databases.Migrations/ManaChat.Databases.Migrations.csproj" Id="4a26cc78-9d6d-4656-8419-7e1764f7a836" />
  <Project Path="ManaChat.Identity/ManaChat.Identity.csproj" />
</Solution>
